// !$*UTF8*$!
{
	archiveVersion = 1;
	classes = {
	};
	objectVersion = 48;
	objects = {

/* Begin PBXBuildFile section */
		542BF05C20A74D90000FDD52 /* AddCategoryViewController.swift in Sources */ = {isa = PBXBuildFile; fileRef = 542BF05B20A74D90000FDD52 /* AddCategoryViewController.swift */; };
		54320E0B20A2082000BC1DE7 /* SplitViewController.swift in Sources */ = {isa = PBXBuildFile; fileRef = 54320E0A20A2082000BC1DE7 /* SplitViewController.swift */; };
		54522E4D2091B7D8007E9B62 /* AppDelegate.swift in Sources */ = {isa = PBXBuildFile; fileRef = 54522E4C2091B7D8007E9B62 /* AppDelegate.swift */; };
		54522E4F2091B7D8007E9B62 /* ViewController.swift in Sources */ = {isa = PBXBuildFile; fileRef = 54522E4E2091B7D8007E9B62 /* ViewController.swift */; };
		54522E522091B7D8007E9B62 /* Main.storyboard in Resources */ = {isa = PBXBuildFile; fileRef = 54522E502091B7D8007E9B62 /* Main.storyboard */; };
		54522E542091B7D8007E9B62 /* Assets.xcassets in Resources */ = {isa = PBXBuildFile; fileRef = 54522E532091B7D8007E9B62 /* Assets.xcassets */; };
		54522E572091B7D8007E9B62 /* LaunchScreen.storyboard in Resources */ = {isa = PBXBuildFile; fileRef = 54522E552091B7D8007E9B62 /* LaunchScreen.storyboard */; };
		54743C9F209B88D000D470EA /* ShowTaskViewController.swift in Sources */ = {isa = PBXBuildFile; fileRef = 54743C9E209B88D000D470EA /* ShowTaskViewController.swift */; };
		54743CA2209C487700D470EA /* TODO.xcdatamodeld in Sources */ = {isa = PBXBuildFile; fileRef = 54743CA0209C487700D470EA /* TODO.xcdatamodeld */; };
		54743CA7209C509B00D470EA /* Task+CoreDataClass.swift in Sources */ = {isa = PBXBuildFile; fileRef = 54743CA3209C509B00D470EA /* Task+CoreDataClass.swift */; };
		54743CA8209C509B00D470EA /* Task+CoreDataProperties.swift in Sources */ = {isa = PBXBuildFile; fileRef = 54743CA4209C509B00D470EA /* Task+CoreDataProperties.swift */; };
		54743CA9209C509B00D470EA /* Category+CoreDataClass.swift in Sources */ = {isa = PBXBuildFile; fileRef = 54743CA5209C509B00D470EA /* Category+CoreDataClass.swift */; };
		54743CAA209C509B00D470EA /* Category+CoreDataProperties.swift in Sources */ = {isa = PBXBuildFile; fileRef = 54743CA6209C509B00D470EA /* Category+CoreDataProperties.swift */; };
		54743CAD209C56C500D470EA /* DataController.swift in Sources */ = {isa = PBXBuildFile; fileRef = 54743CAC209C56C500D470EA /* DataController.swift */; };
		54D6F8202099994300408627 /* AddTaskViewController.swift in Sources */ = {isa = PBXBuildFile; fileRef = 54D6F81F2099994300408627 /* AddTaskViewController.swift */; };
		54D6F8242099A03700408627 /* Note.swift in Sources */ = {isa = PBXBuildFile; fileRef = 54D6F8232099A03700408627 /* Note.swift */; };
		54D6F8262099C39B00408627 /* CategoryViewController.swift in Sources */ = {isa = PBXBuildFile; fileRef = 54D6F8252099C39B00408627 /* CategoryViewController.swift */; };
		54D6F8282099C8CD00408627 /* TaskViewController.swift in Sources */ = {isa = PBXBuildFile; fileRef = 54D6F8272099C8CD00408627 /* TaskViewController.swift */; };
/* End PBXBuildFile section */

/* Begin PBXFileReference section */
		542BF05B20A74D90000FDD52 /* AddCategoryViewController.swift */ = {isa = PBXFileReference; lastKnownFileType = sourcecode.swift; path = AddCategoryViewController.swift; sourceTree = "<group>"; };
		54320E0A20A2082000BC1DE7 /* SplitViewController.swift */ = {isa = PBXFileReference; fileEncoding = 4; lastKnownFileType = sourcecode.swift; path = SplitViewController.swift; sourceTree = "<group>"; };
		54522E492091B7D8007E9B62 /* TODO.app */ = {isa = PBXFileReference; explicitFileType = wrapper.application; includeInIndex = 0; path = TODO.app; sourceTree = BUILT_PRODUCTS_DIR; };
		54522E4C2091B7D8007E9B62 /* AppDelegate.swift */ = {isa = PBXFileReference; lastKnownFileType = sourcecode.swift; path = AppDelegate.swift; sourceTree = "<group>"; };
		54522E4E2091B7D8007E9B62 /* ViewController.swift */ = {isa = PBXFileReference; lastKnownFileType = sourcecode.swift; path = ViewController.swift; sourceTree = "<group>"; };
		54522E512091B7D8007E9B62 /* Base */ = {isa = PBXFileReference; lastKnownFileType = file.storyboard; name = Base; path = Base.lproj/Main.storyboard; sourceTree = "<group>"; };
		54522E532091B7D8007E9B62 /* Assets.xcassets */ = {isa = PBXFileReference; lastKnownFileType = folder.assetcatalog; path = Assets.xcassets; sourceTree = "<group>"; };
		54522E562091B7D8007E9B62 /* Base */ = {isa = PBXFileReference; lastKnownFileType = file.storyboard; name = Base; path = Base.lproj/LaunchScreen.storyboard; sourceTree = "<group>"; };
		54522E582091B7D8007E9B62 /* Info.plist */ = {isa = PBXFileReference; lastKnownFileType = text.plist.xml; path = Info.plist; sourceTree = "<group>"; };
		54743C9E209B88D000D470EA /* ShowTaskViewController.swift */ = {isa = PBXFileReference; lastKnownFileType = sourcecode.swift; path = ShowTaskViewController.swift; sourceTree = "<group>"; };
		54743CA1209C487700D470EA /* TODO.xcdatamodel */ = {isa = PBXFileReference; lastKnownFileType = wrapper.xcdatamodel; path = TODO.xcdatamodel; sourceTree = "<group>"; };
		54743CA3209C509B00D470EA /* Task+CoreDataClass.swift */ = {isa = PBXFileReference; lastKnownFileType = sourcecode.swift; path = "Task+CoreDataClass.swift"; sourceTree = "<group>"; };
		54743CA4209C509B00D470EA /* Task+CoreDataProperties.swift */ = {isa = PBXFileReference; lastKnownFileType = sourcecode.swift; path = "Task+CoreDataProperties.swift"; sourceTree = "<group>"; };
		54743CA5209C509B00D470EA /* Category+CoreDataClass.swift */ = {isa = PBXFileReference; lastKnownFileType = sourcecode.swift; path = "Category+CoreDataClass.swift"; sourceTree = "<group>"; };
		54743CA6209C509B00D470EA /* Category+CoreDataProperties.swift */ = {isa = PBXFileReference; lastKnownFileType = sourcecode.swift; path = "Category+CoreDataProperties.swift"; sourceTree = "<group>"; };
		54743CAC209C56C500D470EA /* DataController.swift */ = {isa = PBXFileReference; lastKnownFileType = sourcecode.swift; path = DataController.swift; sourceTree = "<group>"; };
		54D6F81F2099994300408627 /* AddTaskViewController.swift */ = {isa = PBXFileReference; lastKnownFileType = sourcecode.swift; name = AddTaskViewController.swift; path = ../AddTaskViewController.swift; sourceTree = "<group>"; };
		54D6F8232099A03700408627 /* Note.swift */ = {isa = PBXFileReference; lastKnownFileType = sourcecode.swift; path = Note.swift; sourceTree = "<group>"; };
		54D6F8252099C39B00408627 /* CategoryViewController.swift */ = {isa = PBXFileReference; lastKnownFileType = sourcecode.swift; path = CategoryViewController.swift; sourceTree = "<group>"; };
		54D6F8272099C8CD00408627 /* TaskViewController.swift */ = {isa = PBXFileReference; lastKnownFileType = sourcecode.swift; path = TaskViewController.swift; sourceTree = "<group>"; };
/* End PBXFileReference section */

/* Begin PBXFrameworksBuildPhase section */
		54522E462091B7D8007E9B62 /* Frameworks */ = {
			isa = PBXFrameworksBuildPhase;
			buildActionMask = 2147483647;
			files = (
			);
			runOnlyForDeploymentPostprocessing = 0;
		};
/* End PBXFrameworksBuildPhase section */

/* Begin PBXGroup section */
		54522E402091B7D8007E9B62 = {
			isa = PBXGroup;
			children = (
				54522E4B2091B7D8007E9B62 /* TODO */,
				54522E4A2091B7D8007E9B62 /* Products */,
			);
			sourceTree = "<group>";
		};
		54522E4A2091B7D8007E9B62 /* Products */ = {
			isa = PBXGroup;
			children = (
				54522E492091B7D8007E9B62 /* TODO.app */,
			);
			name = Products;
			sourceTree = "<group>";
		};
		54522E4B2091B7D8007E9B62 /* TODO */ = {
			isa = PBXGroup;
			children = (
				54522E4C2091B7D8007E9B62 /* AppDelegate.swift */,
				54522E4E2091B7D8007E9B62 /* ViewController.swift */,
				54522E502091B7D8007E9B62 /* Main.storyboard */,
				54320E0A20A2082000BC1DE7 /* SplitViewController.swift */,
				54743C9E209B88D000D470EA /* ShowTaskViewController.swift */,
				54D6F8252099C39B00408627 /* CategoryViewController.swift */,
				542BF05B20A74D90000FDD52 /* AddCategoryViewController.swift */,
				54D6F8272099C8CD00408627 /* TaskViewController.swift */,
				54D6F81F2099994300408627 /* AddTaskViewController.swift */,
				54522E532091B7D8007E9B62 /* Assets.xcassets */,
				54522E552091B7D8007E9B62 /* LaunchScreen.storyboard */,
				54522E582091B7D8007E9B62 /* Info.plist */,
				54D6F8232099A03700408627 /* Note.swift */,
				54743CAB209C50D800D470EA /* CoreData Model */,
			);
			path = TODO;
			sourceTree = "<group>";
		};
		54743CAB209C50D800D470EA /* CoreData Model */ = {
			isa = PBXGroup;
			children = (
				54743CA0209C487700D470EA /* TODO.xcdatamodeld */,
				54743CA3209C509B00D470EA /* Task+CoreDataClass.swift */,
				54743CA4209C509B00D470EA /* Task+CoreDataProperties.swift */,
				54743CA5209C509B00D470EA /* Category+CoreDataClass.swift */,
				54743CA6209C509B00D470EA /* Category+CoreDataProperties.swift */,
				54743CAC209C56C500D470EA /* DataController.swift */,
			);
			path = "CoreData Model";
			sourceTree = "<group>";
		};
/* End PBXGroup section */

/* Begin PBXNativeTarget section */
		54522E482091B7D8007E9B62 /* TODO */ = {
			isa = PBXNativeTarget;
			buildConfigurationList = 54522E5B2091B7D8007E9B62 /* Build configuration list for PBXNativeTarget "TODO" */;
			buildPhases = (
				54522E452091B7D8007E9B62 /* Sources */,
				54522E462091B7D8007E9B62 /* Frameworks */,
				54522E472091B7D8007E9B62 /* Resources */,
			);
			buildRules = (
			);
			dependencies = (
			);
			name = TODO;
			productName = TODO;
			productReference = 54522E492091B7D8007E9B62 /* TODO.app */;
			productType = "com.apple.product-type.application";
		};
/* End PBXNativeTarget section */

/* Begin PBXProject section */
		54522E412091B7D8007E9B62 /* Project object */ = {
			isa = PBXProject;
			attributes = {
				LastSwiftUpdateCheck = 0920;
				LastUpgradeCheck = 0920;
				ORGANIZATIONNAME = "Hesham Al-Halabi";
				TargetAttributes = {
					54522E482091B7D8007E9B62 = {
						CreatedOnToolsVersion = 9.2;
						ProvisioningStyle = Automatic;
					};
				};
			};
			buildConfigurationList = 54522E442091B7D8007E9B62 /* Build configuration list for PBXProject "TODO" */;
			compatibilityVersion = "Xcode 8.0";
			developmentRegion = en;
			hasScannedForEncodings = 0;
			knownRegions = (
				en,
				Base,
			);
			mainGroup = 54522E402091B7D8007E9B62;
			productRefGroup = 54522E4A2091B7D8007E9B62 /* Products */;
			projectDirPath = "";
			projectRoot = "";
			targets = (
				54522E482091B7D8007E9B62 /* TODO */,
			);
		};
/* End PBXProject section */

/* Begin PBXResourcesBuildPhase section */
		54522E472091B7D8007E9B62 /* Resources */ = {
			isa = PBXResourcesBuildPhase;
			buildActionMask = 2147483647;
			files = (
				54522E572091B7D8007E9B62 /* LaunchScreen.storyboard in Resources */,
				54522E542091B7D8007E9B62 /* Assets.xcassets in Resources */,
				54522E522091B7D8007E9B62 /* Main.storyboard in Resources */,
			);
			runOnlyForDeploymentPostprocessing = 0;
		};
/* End PBXResourcesBuildPhase section */

/* Begin PBXSourcesBuildPhase section */
		54522E452091B7D8007E9B62 /* Sources */ = {
			isa = PBXSourcesBuildPhase;
			buildActionMask = 2147483647;
			files = (
				54D6F8262099C39B00408627 /* CategoryViewController.swift in Sources */,
				54320E0B20A2082000BC1DE7 /* SplitViewController.swift in Sources */,
				54743CA7209C509B00D470EA /* Task+CoreDataClass.swift in Sources */,
				54743CA9209C509B00D470EA /* Category+CoreDataClass.swift in Sources */,
				54522E4F2091B7D8007E9B62 /* ViewController.swift in Sources */,
				54D6F8282099C8CD00408627 /* TaskViewController.swift in Sources */,
				54D6F8202099994300408627 /* AddTaskViewController.swift in Sources */,
				54522E4D2091B7D8007E9B62 /* AppDelegate.swift in Sources */,
				54743CAA209C509B00D470EA /* Category+CoreDataProperties.swift in Sources */,
				54D6F8242099A03700408627 /* Note.swift in Sources */,
				54743C9F209B88D000D470EA /* ShowTaskViewController.swift in Sources */,
				542BF05C20A74D90000FDD52 /* AddCategoryViewController.swift in Sources */,
				54743CA8209C509B00D470EA /* Task+CoreDataProperties.swift in Sources */,
				54743CAD209C56C500D470EA /* DataController.swift in Sources */,
				54743CA2209C487700D470EA /* TODO.xcdatamodeld in Sources */,
			);
			runOnlyForDeploymentPostprocessing = 0;
		};
/* End PBXSourcesBuildPhase section */

/* Begin PBXVariantGroup section */
		54522E502091B7D8007E9B62 /* Main.storyboard */ = {
			isa = PBXVariantGroup;
			children = (
				54522E512091B7D8007E9B62 /* Base */,
			);
			name = Main.storyboard;
			sourceTree = "<group>";
		};
		54522E552091B7D8007E9B62 /* LaunchScreen.storyboard */ = {
			isa = PBXVariantGroup;
			children = (
				54522E562091B7D8007E9B62 /* Base */,
			);
			name = LaunchScreen.storyboard;
			sourceTree = "<group>";
		};
/* End PBXVariantGroup section */

/* Begin XCBuildConfiguration section */
		54522E592091B7D8007E9B62 /* Debug */ = {
			isa = XCBuildConfiguration;
			buildSettings = {
				ALWAYS_SEARCH_USER_PATHS = NO;
				CLANG_ANALYZER_NONNULL = YES;
				CLANG_ANALYZER_NUMBER_OBJECT_CONVERSION = YES_AGGRESSIVE;
				CLANG_CXX_LANGUAGE_STANDARD = "gnu++14";
				CLANG_CXX_LIBRARY = "libc++";
				CLANG_ENABLE_MODULES = YES;
				CLANG_ENABLE_OBJC_ARC = YES;
				CLANG_WARN_BLOCK_CAPTURE_AUTORELEASING = YES;
				CLANG_WARN_BOOL_CONVERSION = YES;
				CLANG_WARN_COMMA = YES;
				CLANG_WARN_CONSTANT_CONVERSION = YES;
				CLANG_WARN_DIRECT_OBJC_ISA_USAGE = YES_ERROR;
				CLANG_WARN_DOCUMENTATION_COMMENTS = YES;
				CLANG_WARN_EMPTY_BODY = YES;
				CLANG_WARN_ENUM_CONVERSION = YES;
				CLANG_WARN_INFINITE_RECURSION = YES;
				CLANG_WARN_INT_CONVERSION = YES;
				CLANG_WARN_NON_LITERAL_NULL_CONVERSION = YES;
				CLANG_WARN_OBJC_LITERAL_CONVERSION = YES;
				CLANG_WARN_OBJC_ROOT_CLASS = YES_ERROR;
				CLANG_WARN_RANGE_LOOP_ANALYSIS = YES;
				CLANG_WARN_STRICT_PROTOTYPES = YES;
				CLANG_WARN_SUSPICIOUS_MOVE = YES;
				CLANG_WARN_UNGUARDED_AVAILABILITY = YES_AGGRESSIVE;
				CLANG_WARN_UNREACHABLE_CODE = YES;
				CLANG_WARN__DUPLICATE_METHOD_MATCH = YES;
				CODE_SIGN_IDENTITY = "iPhone Developer";
				COPY_PHASE_STRIP = NO;
				DEBUG_INFORMATION_FORMAT = dwarf;
				ENABLE_STRICT_OBJC_MSGSEND = YES;
				ENABLE_TESTABILITY = YES;
				GCC_C_LANGUAGE_STANDARD = gnu11;
				GCC_DYNAMIC_NO_PIC = NO;
				GCC_NO_COMMON_BLOCKS = YES;
				GCC_OPTIMIZATION_LEVEL = 0;
				GCC_PREPROCESSOR_DEFINITIONS = (
					"DEBUG=1",
					"$(inherited)",
				);
				GCC_WARN_64_TO_32_BIT_CONVERSION = YES;
				GCC_WARN_ABOUT_RETURN_TYPE = YES_ERROR;
				GCC_WARN_UNDECLARED_SELECTOR = YES;
				GCC_WARN_UNINITIALIZED_AUTOS = YES_AGGRESSIVE;
				GCC_WARN_UNUSED_FUNCTION = YES;
				GCC_WARN_UNUSED_VARIABLE = YES;
				IPHONEOS_DEPLOYMENT_TARGET = 11.2;
				MTL_ENABLE_DEBUG_INFO = YES;
				ONLY_ACTIVE_ARCH = YES;
				SDKROOT = iphoneos;
				SWIFT_ACTIVE_COMPILATION_CONDITIONS = DEBUG;
				SWIFT_OPTIMIZATION_LEVEL = "-Onone";
			};
			name = Debug;
		};
		54522E5A2091B7D8007E9B62 /* Release */ = {
			isa = XCBuildConfiguration;
			buildSettings = {
				ALWAYS_SEARCH_USER_PATHS = NO;
				CLANG_ANALYZER_NONNULL = YES;
				CLANG_ANALYZER_NUMBER_OBJECT_CONVERSION = YES_AGGRESSIVE;
				CLANG_CXX_LANGUAGE_STANDARD = "gnu++14";
				CLANG_CXX_LIBRARY = "libc++";
				CLANG_ENABLE_MODULES = YES;
				CLANG_ENABLE_OBJC_ARC = YES;
				CLANG_WARN_BLOCK_CAPTURE_AUTORELEASING = YES;
				CLANG_WARN_BOOL_CONVERSION = YES;
				CLANG_WARN_COMMA = YES;
				CLANG_WARN_CONSTANT_CONVERSION = YES;
				CLANG_WARN_DIRECT_OBJC_ISA_USAGE = YES_ERROR;
				CLANG_WARN_DOCUMENTATION_COMMENTS = YES;
				CLANG_WARN_EMPTY_BODY = YES;
				CLANG_WARN_ENUM_CONVERSION = YES;
				CLANG_WARN_INFINITE_RECURSION = YES;
				CLANG_WARN_INT_CONVERSION = YES;
				CLANG_WARN_NON_LITERAL_NULL_CONVERSION = YES;
				CLANG_WARN_OBJC_LITERAL_CONVERSION = YES;
				CLANG_WARN_OBJC_ROOT_CLASS = YES_ERROR;
				CLANG_WARN_RANGE_LOOP_ANALYSIS = YES;
				CLANG_WARN_STRICT_PROTOTYPES = YES;
				CLANG_WARN_SUSPICIOUS_MOVE = YES;
				CLANG_WARN_UNGUARDED_AVAILABILITY = YES_AGGRESSIVE;
				CLANG_WARN_UNREACHABLE_CODE = YES;
				CLANG_WARN__DUPLICATE_METHOD_MATCH = YES;
				CODE_SIGN_IDENTITY = "iPhone Developer";
				COPY_PHASE_STRIP = NO;
				DEBUG_INFORMATION_FORMAT = "dwarf-with-dsym";
				ENABLE_NS_ASSERTIONS = NO;
				ENABLE_STRICT_OBJC_MSGSEND = YES;
				GCC_C_LANGUAGE_STANDARD = gnu11;
				GCC_NO_COMMON_BLOCKS = YES;
				GCC_WARN_64_TO_32_BIT_CONVERSION = YES;
				GCC_WARN_ABOUT_RETURN_TYPE = YES_ERROR;
				GCC_WARN_UNDECLARED_SELECTOR = YES;
				GCC_WARN_UNINITIALIZED_AUTOS = YES_AGGRESSIVE;
				GCC_WARN_UNUSED_FUNCTION = YES;
				GCC_WARN_UNUSED_VARIABLE = YES;
				IPHONEOS_DEPLOYMENT_TARGET = 11.2;
				MTL_ENABLE_DEBUG_INFO = NO;
				SDKROOT = iphoneos;
				SWIFT_OPTIMIZATION_LEVEL = "-Owholemodule";
				VALIDATE_PRODUCT = YES;
			};
			name = Release;
		};
		54522E5C2091B7D8007E9B62 /* Debug */ = {
			isa = XCBuildConfiguration;
			buildSettings = {
				ASSETCATALOG_COMPILER_APPICON_NAME = AppIcon;
				CODE_SIGN_STYLE = Automatic;
				INFOPLIST_FILE = TODO/Info.plist;
				LD_RUNPATH_SEARCH_PATHS = "$(inherited) @executable_path/Frameworks";
				PRODUCT_BUNDLE_IDENTIFIER = eng.Hesham.TODO;
				PRODUCT_NAME = "$(TARGET_NAME)";
				SWIFT_VERSION = 4.0;
				TARGETED_DEVICE_FAMILY = "1,2";
			};
			name = Debug;
		};
		54522E5D2091B7D8007E9B62 /* Release */ = {
			isa = XCBuildConfiguration;
			buildSettings = {
				ASSETCATALOG_COMPILER_APPICON_NAME = AppIcon;
				CODE_SIGN_STYLE = Automatic;
				INFOPLIST_FILE = TODO/Info.plist;
				LD_RUNPATH_SEARCH_PATHS = "$(inherited) @executable_path/Frameworks";
				PRODUCT_BUNDLE_IDENTIFIER = eng.Hesham.TODO;
				PRODUCT_NAME = "$(TARGET_NAME)";
				SWIFT_VERSION = 4.0;
				TARGETED_DEVICE_FAMILY = "1,2";
			};
			name = Release;
		};
/* End XCBuildConfiguration section */

/* Begin XCConfigurationList section */
		54522E442091B7D8007E9B62 /* Build configuration list for PBXProject "TODO" */ = {
			isa = XCConfigurationList;
			buildConfigurations = (
				54522E592091B7D8007E9B62 /* Debug */,
				54522E5A2091B7D8007E9B62 /* Release */,
			);
			defaultConfigurationIsVisible = 0;
			defaultConfigurationName = Release;
		};
		54522E5B2091B7D8007E9B62 /* Build configuration list for PBXNativeTarget "TODO" */ = {
			isa = XCConfigurationList;
			buildConfigurations = (
				54522E5C2091B7D8007E9B62 /* Debug */,
				54522E5D2091B7D8007E9B62 /* Release */,
			);
			defaultConfigurationIsVisible = 0;
			defaultConfigurationName = Release;
		};
/* End XCConfigurationList section */

/* Begin XCVersionGroup section */
		54743CA0209C487700D470EA /* TODO.xcdatamodeld */ = {
			isa = XCVersionGroup;
			children = (
				54743CA1209C487700D470EA /* TODO.xcdatamodel */,
			);
			currentVersion = 54743CA1209C487700D470EA /* TODO.xcdatamodel */;
			path = TODO.xcdatamodeld;
			sourceTree = "<group>";
			versionGroupType = wrapper.xcdatamodel;
		};
/* End XCVersionGroup section */
	};
	rootObject = 54522E412091B7D8007E9B62 /* Project object */;
}
